{
  "name": "@quentinadam/remote-request",
  "version": "0.0.1",
  "lockfileVersion": 1,
  "requires": true,
  "dependencies": {
    "@quentinadam/request-core": {
      "version": "0.0.1",
      "resolved": "https://registry.npmjs.org/@quentinadam/request-core/-/request-core-0.0.1.tgz",
      "integrity": "sha512-J9Z9A5mA2fcRRT4vIsT9s7lEywj0ZfYodSuK1nEapocvZsTe73RthBZkLPe5JpW5qgVdtaOu/aa41Sfbxlhhag==",
      "requires": {
        "iconv-lite": "^0.4.23"
      }
    },
    "@quentinadam/rpc": {
      "version": "0.0.1",
      "resolved": "https://registry.npmjs.org/@quentinadam/rpc/-/rpc-0.0.1.tgz",
      "integrity": "sha512-Rh0zrWuGPrPj8zF66JvtoZePZXy2ZM2W/njbI/+bujrhs7ioafBw9UDXcJKD0Q56RU3kwA3Js1Yj/48GxSD/8g=="
    },
    "iconv-lite": {
      "version": "0.4.23",
      "resolved": "https://registry.npmjs.org/iconv-lite/-/iconv-lite-0.4.23.tgz",
      "integrity": "sha512-neyTUVFtahjf0mB3dZT77u+8O0QB89jFdnBkd5P1JgYPbPaia3gXXOVL2fq8VyU2gMMD7SaN7QukTB/pmXYvDA==",
      "requires": {
        "safer-buffer": ">= 2.1.2 < 3"
      }
    },
    "safer-buffer": {
      "version": "2.1.2",
      "resolved": "https://registry.npmjs.org/safer-buffer/-/safer-buffer-2.1.2.tgz",
      "integrity": "sha512-YZo3K82SD7Riyi0E1EQPojLz7kpepnSQI9IyPbHHg1XXXevb5dJI7tpyN2ADxGcQbHG7vcyRHk0cbwqcQriUtg=="
    }
  }
}
